
Microsoft Visual Studio Solution File, Format Version 12.00
# Visual Studio Version 17
VisualStudioVersion = 17.3.32929.385
MinimumVisualStudioVersion = 10.0.40219.1
Project("{8BC9CEB8-8B4A-11D0-8D11-00A0C91BC942}") = "json-to-csv", "json-to-csv.vcxproj", "{F7EA9501-8101-459F-A6C0-07A7F98FEE37}"
EndProject
Project("{8BC9CEB8-8B4A-11D0-8D11-00A0C91BC942}") = "json-to-csv-test", "json-to-csv-test\json-to-csv-test\json-to-csv-test.vcxproj", "{6DD03A1C-8F80-463F-A675-48B151FCE489}"
EndProject
Global
	GlobalSection(SolutionConfigurationPlatforms) = preSolution
		Debug|x64 = Debug|x64
		Debug|x86 = Debug|x86
		Release|x64 = Release|x64
		Release|x86 = Release|x86
	EndGlobalSection
	GlobalSection(ProjectConfigurationPlatforms) = postSolution
		{F7EA9501-8101-459F-A6C0-07A7F98FEE37}.Debug|x64.ActiveCfg = Debug|x64
		{F7EA9501-8101-459F-A6C0-07A7F98FEE37}.Debug|x64.Build.0 = Debug|x64
		{F7EA9501-8101-459F-A6C0-07A7F98FEE37}.Debug|x86.ActiveCfg = Debug|Win32
		{F7EA9501-8101-459F-A6C0-07A7F98FEE37}.Debug|x86.Build.0 = Debug|Win32
		{F7EA9501-8101-459F-A6C0-07A7F98FEE37}.Release|x64.ActiveCfg = Release|x64
		{F7EA9501-8101-459F-A6C0-07A7F98FEE37}.Release|x64.Build.0 = Release|x64
		{F7EA9501-8101-459F-A6C0-07A7F98FEE37}.Release|x86.ActiveCfg = Release|Win32
		{F7EA9501-8101-459F-A6C0-07A7F98FEE37}.Release|x86.Build.0 = Release|Win32
		{6DD03A1C-8F80-463F-A675-48B151FCE489}.Debug|x64.ActiveCfg = Debug|x64
		{6DD03A1C-8F80-463F-A675-48B151FCE489}.Debug|x64.Build.0 = Debug|x64
		{6DD03A1C-8F80-463F-A675-48B151FCE489}.Debug|x86.ActiveCfg = Debug|Win32
		{6DD03A1C-8F80-463F-A675-48B151FCE489}.Debug|x86.Build.0 = Debug|Win32
		{6DD03A1C-8F80-463F-A675-48B151FCE489}.Release|x64.ActiveCfg = Release|x64
		{6DD03A1C-8F80-463F-A675-48B151FCE489}.Release|x64.Build.0 = Release|x64
		{6DD03A1C-8F80-463F-A675-48B151FCE489}.Release|x86.ActiveCfg = Release|Win32
		{6DD03A1C-8F80-463F-A675-48B151FCE489}.Release|x86.Build.0 = Release|Win32
	EndGlobalSection
	GlobalSection(SolutionProperties) = preSolution
		HideSolutionNode = FALSE
	EndGlobalSection
	GlobalSection(ExtensibilityGlobals) = postSolution
		SolutionGuid = {1BE3A05A-64CE-4C3E-A091-CD760468D3A6}
	EndGlobalSection
EndGlobal
